
Microsoft Visual Studio Solution File, Format Version 9.00
# Visual C++ Express 2005
Project("{8BC9CEB8-8B4A-11D0-8D11-00A0C91BC942}") = "lib_mysqludf_sys", "lib_mysqludf_sys\lib_mysqludf_sys.vcproj", "{4D362A3E-CA53-444C-B1C8-C49641823875}"
EndProject
Global
	GlobalSection(SolutionConfigurationPlatforms) = preSolution
		Debug|Win32 = Debug|Win32
		Release|Win32 = Release|Win32
	EndGlobalSection
	GlobalSection(ProjectConfigurationPlatforms) = postSolution
		{4D362A3E-CA53-444C-B1C8-C49641823875}.Debug|Win32.ActiveCfg = Debug|Win32
		{4D362A3E-CA53-444C-B1C8-C49641823875}.Debug|Win32.Build.0 = Debug|Win32
		{4D362A3E-CA53-444C-B1C8-C49641823875}.Release|Win32.ActiveCfg = Release|Win32
		{4D362A3E-CA53-444C-B1C8-C49641823875}.Release|Win32.Build.0 = Release|Win32
	EndGlobalSection
	GlobalSection(SolutionProperties) = preSolution
		HideSolutionNode = FALSE
	EndGlobalSection
EndGlobal
